
Microsoft Visual Studio Solution File, Format Version 12.00
# Visual Studio 15
VisualStudioVersion = 15.0.27130.2003
MinimumVisualStudioVersion = 10.0.40219.1
Project("{FAE04EC0-301F-11D3-BF4B-00C04F79EFBC}") = "DejtWebb", "WebApplication1\DejtWebb.csproj", "{469637FC-9FB1-4D83-9629-38FD88B0BADE}"
EndProject
Global
	GlobalSection(SolutionConfigurationPlatforms) = preSolution
		Debug|Any CPU = Debug|Any CPU
		Release|Any CPU = Release|Any CPU
	EndGlobalSection
	GlobalSection(ProjectConfigurationPlatforms) = postSolution
		{469637FC-9FB1-4D83-9629-38FD88B0BADE}.Debug|Any CPU.ActiveCfg = Debug|Any CPU
		{469637FC-9FB1-4D83-9629-38FD88B0BADE}.Debug|Any CPU.Build.0 = Debug|Any CPU
		{469637FC-9FB1-4D83-9629-38FD88B0BADE}.Release|Any CPU.ActiveCfg = Release|Any CPU
		{469637FC-9FB1-4D83-9629-38FD88B0BADE}.Release|Any CPU.Build.0 = Release|Any CPU
	EndGlobalSection
	GlobalSection(SolutionProperties) = preSolution
		HideSolutionNode = FALSE
	EndGlobalSection
	GlobalSection(ExtensibilityGlobals) = postSolution
		SolutionGuid = {40E94FAE-A671-4F24-9A5E-DFD17441D497}
	EndGlobalSection
EndGlobal
