
Microsoft Visual Studio Solution File, Format Version 12.00
# Visual Studio 15
VisualStudioVersion = 15.0.27130.2003
MinimumVisualStudioVersion = 10.0.40219.1
Project("{FAE04EC0-301F-11D3-BF4B-00C04F79EFBC}") = "WebbDejt2", "WebbDejt2\WebbDejt2.csproj", "{B108DC19-3024-4E5F-B20E-B74757D74A4A}"
EndProject
Project("{FAE04EC0-301F-11D3-BF4B-00C04F79EFBC}") = "Logic", "Logic\Logic.csproj", "{6CBE5E2F-8C2C-453C-8E5A-B1C3A1C459C2}"
EndProject
Global
	GlobalSection(SolutionConfigurationPlatforms) = preSolution
		Debug|Any CPU = Debug|Any CPU
		Release|Any CPU = Release|Any CPU
	EndGlobalSection
	GlobalSection(ProjectConfigurationPlatforms) = postSolution
		{B108DC19-3024-4E5F-B20E-B74757D74A4A}.Debug|Any CPU.ActiveCfg = Debug|Any CPU
		{B108DC19-3024-4E5F-B20E-B74757D74A4A}.Debug|Any CPU.Build.0 = Debug|Any CPU
		{B108DC19-3024-4E5F-B20E-B74757D74A4A}.Release|Any CPU.ActiveCfg = Release|Any CPU
		{B108DC19-3024-4E5F-B20E-B74757D74A4A}.Release|Any CPU.Build.0 = Release|Any CPU
		{6CBE5E2F-8C2C-453C-8E5A-B1C3A1C459C2}.Debug|Any CPU.ActiveCfg = Debug|Any CPU
		{6CBE5E2F-8C2C-453C-8E5A-B1C3A1C459C2}.Debug|Any CPU.Build.0 = Debug|Any CPU
		{6CBE5E2F-8C2C-453C-8E5A-B1C3A1C459C2}.Release|Any CPU.ActiveCfg = Release|Any CPU
		{6CBE5E2F-8C2C-453C-8E5A-B1C3A1C459C2}.Release|Any CPU.Build.0 = Release|Any CPU
	EndGlobalSection
	GlobalSection(SolutionProperties) = preSolution
		HideSolutionNode = FALSE
	EndGlobalSection
	GlobalSection(ExtensibilityGlobals) = postSolution
		SolutionGuid = {F0E7F57B-E39F-43D7-BC50-304037EDAD29}
	EndGlobalSection
EndGlobal
